
Microsoft Visual Studio Solution File, Format Version 12.00
# Visual Studio Version 17
VisualStudioVersion = 17.14.36414.22 d17.14
MinimumVisualStudioVersion = 10.0.40219.1
Project("{FAE04EC0-301F-11D3-BF4B-00C04F79EFBC}") = "PawWalks.Api", "PawWalks.Api\PawWalks.Api.csproj", "{BD2FA3F7-3BBE-4F04-81A6-0153CA7A1D48}"
EndProject
Global
	GlobalSection(SolutionConfigurationPlatforms) = preSolution
		Debug|Any CPU = Debug|Any CPU
		Release|Any CPU = Release|Any CPU
	EndGlobalSection
	GlobalSection(ProjectConfigurationPlatforms) = postSolution
		{BD2FA3F7-3BBE-4F04-81A6-0153CA7A1D48}.Debug|Any CPU.ActiveCfg = Debug|Any CPU
		{BD2FA3F7-3BBE-4F04-81A6-0153CA7A1D48}.Debug|Any CPU.Build.0 = Debug|Any CPU
		{BD2FA3F7-3BBE-4F04-81A6-0153CA7A1D48}.Release|Any CPU.ActiveCfg = Release|Any CPU
		{BD2FA3F7-3BBE-4F04-81A6-0153CA7A1D48}.Release|Any CPU.Build.0 = Release|Any CPU
	EndGlobalSection
	GlobalSection(SolutionProperties) = preSolution
		HideSolutionNode = FALSE
	EndGlobalSection
	GlobalSection(ExtensibilityGlobals) = postSolution
		SolutionGuid = {52A41FC7-F921-485B-B9AE-2A4E3829029A}
	EndGlobalSection
EndGlobal
